
Microsoft Visual Studio Solution File, Format Version 12.00
# Visual Studio Version 16
VisualStudioVersion = 16.0.30204.135
MinimumVisualStudioVersion = 10.0.40219.1
Project("{FAE04EC0-301F-11D3-BF4B-00C04F79EFBC}") = "MovieHall", "MovieHall\MovieHall.csproj", "{DE28C0BC-B1EC-4502-8383-2EB20B045533}"
EndProject
Global
	GlobalSection(SolutionConfigurationPlatforms) = preSolution
		Debug|Any CPU = Debug|Any CPU
		Release|Any CPU = Release|Any CPU
	EndGlobalSection
	GlobalSection(ProjectConfigurationPlatforms) = postSolution
		{DE28C0BC-B1EC-4502-8383-2EB20B045533}.Debug|Any CPU.ActiveCfg = Debug|Any CPU
		{DE28C0BC-B1EC-4502-8383-2EB20B045533}.Debug|Any CPU.Build.0 = Debug|Any CPU
		{DE28C0BC-B1EC-4502-8383-2EB20B045533}.Release|Any CPU.ActiveCfg = Release|Any CPU
		{DE28C0BC-B1EC-4502-8383-2EB20B045533}.Release|Any CPU.Build.0 = Release|Any CPU
	EndGlobalSection
	GlobalSection(SolutionProperties) = preSolution
		HideSolutionNode = FALSE
	EndGlobalSection
	GlobalSection(ExtensibilityGlobals) = postSolution
		SolutionGuid = {D52142A1-05FF-433B-8BBA-F47EA0B25A0E}
	EndGlobalSection
EndGlobal
